
Microsoft Visual Studio Solution File, Format Version 12.00
# Visual Studio Version 17
VisualStudioVersion = 17.6.33712.159
MinimumVisualStudioVersion = 10.0.40219.1
Project("{FAE04EC0-301F-11D3-BF4B-00C04F79EFBC}") = "IMS.Server", "IMS\Server\IMS.Server.csproj", "{A60F4359-B9DF-4036-B3DC-9D39D43D815A}"
EndProject
Project("{FAE04EC0-301F-11D3-BF4B-00C04F79EFBC}") = "IMS.Client", "IMS\Client\IMS.Client.csproj", "{2EB58680-EFEB-4911-9546-99A35C2AE121}"
EndProject
Project("{FAE04EC0-301F-11D3-BF4B-00C04F79EFBC}") = "IMS.Shared", "IMS\Shared\IMS.Shared.csproj", "{FF397616-BF91-4CE1-87D9-8C4D0F2FFB11}"
EndProject
Global
	GlobalSection(SolutionConfigurationPlatforms) = preSolution
		Debug|Any CPU = Debug|Any CPU
		Release|Any CPU = Release|Any CPU
	EndGlobalSection
	GlobalSection(ProjectConfigurationPlatforms) = postSolution
		{A60F4359-B9DF-4036-B3DC-9D39D43D815A}.Debug|Any CPU.ActiveCfg = Debug|Any CPU
		{A60F4359-B9DF-4036-B3DC-9D39D43D815A}.Debug|Any CPU.Build.0 = Debug|Any CPU
		{A60F4359-B9DF-4036-B3DC-9D39D43D815A}.Release|Any CPU.ActiveCfg = Release|Any CPU
		{A60F4359-B9DF-4036-B3DC-9D39D43D815A}.Release|Any CPU.Build.0 = Release|Any CPU
		{2EB58680-EFEB-4911-9546-99A35C2AE121}.Debug|Any CPU.ActiveCfg = Debug|Any CPU
		{2EB58680-EFEB-4911-9546-99A35C2AE121}.Debug|Any CPU.Build.0 = Debug|Any CPU
		{2EB58680-EFEB-4911-9546-99A35C2AE121}.Release|Any CPU.ActiveCfg = Release|Any CPU
		{2EB58680-EFEB-4911-9546-99A35C2AE121}.Release|Any CPU.Build.0 = Release|Any CPU
		{FF397616-BF91-4CE1-87D9-8C4D0F2FFB11}.Debug|Any CPU.ActiveCfg = Debug|Any CPU
		{FF397616-BF91-4CE1-87D9-8C4D0F2FFB11}.Debug|Any CPU.Build.0 = Debug|Any CPU
		{FF397616-BF91-4CE1-87D9-8C4D0F2FFB11}.Release|Any CPU.ActiveCfg = Release|Any CPU
		{FF397616-BF91-4CE1-87D9-8C4D0F2FFB11}.Release|Any CPU.Build.0 = Release|Any CPU
	EndGlobalSection
	GlobalSection(SolutionProperties) = preSolution
		HideSolutionNode = FALSE
	EndGlobalSection
	GlobalSection(ExtensibilityGlobals) = postSolution
		SolutionGuid = {929D2C8F-C60A-4B89-B5B6-B86227A805A0}
	EndGlobalSection
EndGlobal
